{
  "name": "@tuan149002/natus-occaecati-vel",
  "version": "1.0.0",
  "lockfileVersion": 3,
  "requires": true,
  "packages": {
    "": {
      "name": "@tuan149002/natus-occaecati-vel",
      "version": "1.0.0",
      "license": "MIT",
      "dependencies": {
        "@tuan149002/excepturi-ex-sed": "^1.0.0",
        "@tuan149002/expedita-nisi-ipsum": "^1.0.0",
        "@tuan149002/reprehenderit-possimus-esse": "^1.0.0"
      }
    },
    "node_modules/@tuan149002/excepturi-ex-sed": {
      "version": "1.0.0",
      "resolved": "https://registry.npmjs.org/@tuan149002/excepturi-ex-sed/-/excepturi-ex-sed-1.0.0.tgz",
      "integrity": "sha512-4QFcrDcYwV5Z8wU7ywdRI2MiixUQYx8EjmTa3aR83kiIv+9Wv9cSDEYfyjnwIhrpNoHaseM1QJ/wrMZh9X1/yg==",
      "dependencies": {
        "@tuan149002/expedita-nisi-ipsum": "^1.0.0",
        "@tuan149002/reprehenderit-possimus-esse": "^1.0.0"
      }
    },
    "node_modules/@tuan149002/expedita-nisi-ipsum": {
      "version": "1.0.0",
      "resolved": "https://registry.npmjs.org/@tuan149002/expedita-nisi-ipsum/-/expedita-nisi-ipsum-1.0.0.tgz",
      "integrity": "sha512-CL/4FOJjD5mHOq5+RXlcMv5n4TmklPI/vAAvVhQo1RCIh8TGj2bsqYwsR5LoYlsQL7jSwgJc5iaG2jY6qqYJrQ==",
      "dependencies": {
        "@tuan149002/reprehenderit-possimus-esse": "^1.0.0"
      }
    },
    "node_modules/@tuan149002/reprehenderit-possimus-esse": {
      "version": "1.0.0",
      "resolved": "https://registry.npmjs.org/@tuan149002/reprehenderit-possimus-esse/-/reprehenderit-possimus-esse-1.0.0.tgz",
      "integrity": "sha512-RMedM0ZlUKl2wYS13ULIDWR9FOh4tiowA/08PsHZrC+wn8s0djueRYo/jzTqsXhK3WGr1P4qmkC556rR9oyhEA=="
    }
  }
}
